
Microsoft Visual Studio Solution File, Format Version 12.00
# Visual Studio 15
VisualStudioVersion = 15.0.27924.0
MinimumVisualStudioVersion = 10.0.40219.1
Project("{FAE04EC0-301F-11D3-BF4B-00C04F79EFBC}") = "SimpleCoreWebApp", "SimpleCoreWebApp\SimpleCoreWebApp.csproj", "{1C32C4E0-63DF-4DB6-A22D-C299FD471A22}"
EndProject
Global
	GlobalSection(SolutionConfigurationPlatforms) = preSolution
		Debug|Any CPU = Debug|Any CPU
		Release|Any CPU = Release|Any CPU
	EndGlobalSection
	GlobalSection(ProjectConfigurationPlatforms) = postSolution
		{1C32C4E0-63DF-4DB6-A22D-C299FD471A22}.Debug|Any CPU.ActiveCfg = Debug|Any CPU
		{1C32C4E0-63DF-4DB6-A22D-C299FD471A22}.Debug|Any CPU.Build.0 = Debug|Any CPU
		{1C32C4E0-63DF-4DB6-A22D-C299FD471A22}.Release|Any CPU.ActiveCfg = Release|Any CPU
		{1C32C4E0-63DF-4DB6-A22D-C299FD471A22}.Release|Any CPU.Build.0 = Release|Any CPU
	EndGlobalSection
	GlobalSection(SolutionProperties) = preSolution
		HideSolutionNode = FALSE
	EndGlobalSection
	GlobalSection(ExtensibilityGlobals) = postSolution
		SolutionGuid = {11DD6106-D11B-4FD4-9306-E7C30E6B51F0}
	EndGlobalSection
EndGlobal
